
Microsoft Visual Studio Solution File, Format Version 12.00
# Visual Studio Version 16
VisualStudioVersion = 16.0.30907.101
MinimumVisualStudioVersion = 10.0.40219.1
Project("{FAE04EC0-301F-11D3-BF4B-00C04F79EFBC}") = "Loops_While", "Loops_While\Loops_While.csproj", "{F9CF14E2-28C3-48B2-AFE8-D358D1CE405B}"
EndProject
Global
	GlobalSection(SolutionConfigurationPlatforms) = preSolution
		Debug|Any CPU = Debug|Any CPU
		Release|Any CPU = Release|Any CPU
	EndGlobalSection
	GlobalSection(ProjectConfigurationPlatforms) = postSolution
		{F9CF14E2-28C3-48B2-AFE8-D358D1CE405B}.Debug|Any CPU.ActiveCfg = Debug|Any CPU
		{F9CF14E2-28C3-48B2-AFE8-D358D1CE405B}.Debug|Any CPU.Build.0 = Debug|Any CPU
		{F9CF14E2-28C3-48B2-AFE8-D358D1CE405B}.Release|Any CPU.ActiveCfg = Release|Any CPU
		{F9CF14E2-28C3-48B2-AFE8-D358D1CE405B}.Release|Any CPU.Build.0 = Release|Any CPU
	EndGlobalSection
	GlobalSection(SolutionProperties) = preSolution
		HideSolutionNode = FALSE
	EndGlobalSection
	GlobalSection(ExtensibilityGlobals) = postSolution
		SolutionGuid = {40775DA1-3354-4FC9-B3C2-510785ADF4A3}
	EndGlobalSection
EndGlobal
