
Microsoft Visual Studio Solution File, Format Version 12.00
# Visual Studio Version 16
VisualStudioVersion = 16.0.30907.101
MinimumVisualStudioVersion = 10.0.40219.1
Project("{FAE04EC0-301F-11D3-BF4B-00C04F79EFBC}") = "HomeworkOnePracticeSalesTotal", "HomeworkOnePracticeSalesTotal\HomeworkOnePracticeSalesTotal.csproj", "{062726CC-7A75-462C-94F0-FEC9AE0FCF2C}"
EndProject
Global
	GlobalSection(SolutionConfigurationPlatforms) = preSolution
		Debug|Any CPU = Debug|Any CPU
		Release|Any CPU = Release|Any CPU
	EndGlobalSection
	GlobalSection(ProjectConfigurationPlatforms) = postSolution
		{062726CC-7A75-462C-94F0-FEC9AE0FCF2C}.Debug|Any CPU.ActiveCfg = Debug|Any CPU
		{062726CC-7A75-462C-94F0-FEC9AE0FCF2C}.Debug|Any CPU.Build.0 = Debug|Any CPU
		{062726CC-7A75-462C-94F0-FEC9AE0FCF2C}.Release|Any CPU.ActiveCfg = Release|Any CPU
		{062726CC-7A75-462C-94F0-FEC9AE0FCF2C}.Release|Any CPU.Build.0 = Release|Any CPU
	EndGlobalSection
	GlobalSection(SolutionProperties) = preSolution
		HideSolutionNode = FALSE
	EndGlobalSection
	GlobalSection(ExtensibilityGlobals) = postSolution
		SolutionGuid = {3090BF30-6A74-4375-86A2-3023DC868B16}
	EndGlobalSection
EndGlobal
