
Microsoft Visual Studio Solution File, Format Version 12.00
# Visual Studio Version 16
VisualStudioVersion = 16.0.30907.101
MinimumVisualStudioVersion = 10.0.40219.1
Project("{FAE04EC0-301F-11D3-BF4B-00C04F79EFBC}") = "HomeworkThreeTuitionIncrease", "HomeworkThreeTuitionIncrease\HomeworkThreeTuitionIncrease.csproj", "{6C054397-BCCC-4469-A13C-949D64FA3A56}"
EndProject
Global
	GlobalSection(SolutionConfigurationPlatforms) = preSolution
		Debug|Any CPU = Debug|Any CPU
		Release|Any CPU = Release|Any CPU
	EndGlobalSection
	GlobalSection(ProjectConfigurationPlatforms) = postSolution
		{6C054397-BCCC-4469-A13C-949D64FA3A56}.Debug|Any CPU.ActiveCfg = Debug|Any CPU
		{6C054397-BCCC-4469-A13C-949D64FA3A56}.Debug|Any CPU.Build.0 = Debug|Any CPU
		{6C054397-BCCC-4469-A13C-949D64FA3A56}.Release|Any CPU.ActiveCfg = Release|Any CPU
		{6C054397-BCCC-4469-A13C-949D64FA3A56}.Release|Any CPU.Build.0 = Release|Any CPU
	EndGlobalSection
	GlobalSection(SolutionProperties) = preSolution
		HideSolutionNode = FALSE
	EndGlobalSection
	GlobalSection(ExtensibilityGlobals) = postSolution
		SolutionGuid = {59B751C0-78CF-4CE5-A44C-B59D98A8DFC7}
	EndGlobalSection
EndGlobal
