
Microsoft Visual Studio Solution File, Format Version 12.00
# Visual Studio Version 16
VisualStudioVersion = 16.0.30907.101
MinimumVisualStudioVersion = 10.0.40219.1
Project("{FAE04EC0-301F-11D3-BF4B-00C04F79EFBC}") = "In-Class Work", "In-Class Work\In-Class Work.csproj", "{27D36A0F-509C-46B4-B260-2B51F791385A}"
EndProject
Global
	GlobalSection(SolutionConfigurationPlatforms) = preSolution
		Debug|Any CPU = Debug|Any CPU
		Release|Any CPU = Release|Any CPU
	EndGlobalSection
	GlobalSection(ProjectConfigurationPlatforms) = postSolution
		{27D36A0F-509C-46B4-B260-2B51F791385A}.Debug|Any CPU.ActiveCfg = Debug|Any CPU
		{27D36A0F-509C-46B4-B260-2B51F791385A}.Debug|Any CPU.Build.0 = Debug|Any CPU
		{27D36A0F-509C-46B4-B260-2B51F791385A}.Release|Any CPU.ActiveCfg = Release|Any CPU
		{27D36A0F-509C-46B4-B260-2B51F791385A}.Release|Any CPU.Build.0 = Release|Any CPU
	EndGlobalSection
	GlobalSection(SolutionProperties) = preSolution
		HideSolutionNode = FALSE
	EndGlobalSection
	GlobalSection(ExtensibilityGlobals) = postSolution
		SolutionGuid = {8FA156A1-751A-4685-B87F-4842231DE55F}
	EndGlobalSection
EndGlobal
