
Microsoft Visual Studio Solution File, Format Version 12.00
# Visual Studio Version 16
VisualStudioVersion = 16.0.30907.101
MinimumVisualStudioVersion = 10.0.40219.1
Project("{FAE04EC0-301F-11D3-BF4B-00C04F79EFBC}") = "ConsoleApp1", "ConsoleApp1\ConsoleApp1.csproj", "{43318347-0080-4743-A702-7FE1469B2D0A}"
EndProject
Global
	GlobalSection(SolutionConfigurationPlatforms) = preSolution
		Debug|Any CPU = Debug|Any CPU
		Release|Any CPU = Release|Any CPU
	EndGlobalSection
	GlobalSection(ProjectConfigurationPlatforms) = postSolution
		{43318347-0080-4743-A702-7FE1469B2D0A}.Debug|Any CPU.ActiveCfg = Debug|Any CPU
		{43318347-0080-4743-A702-7FE1469B2D0A}.Debug|Any CPU.Build.0 = Debug|Any CPU
		{43318347-0080-4743-A702-7FE1469B2D0A}.Release|Any CPU.ActiveCfg = Release|Any CPU
		{43318347-0080-4743-A702-7FE1469B2D0A}.Release|Any CPU.Build.0 = Release|Any CPU
	EndGlobalSection
	GlobalSection(SolutionProperties) = preSolution
		HideSolutionNode = FALSE
	EndGlobalSection
	GlobalSection(ExtensibilityGlobals) = postSolution
		SolutionGuid = {F317465B-1C5A-4CAB-B040-7D6C2FDB312F}
	EndGlobalSection
EndGlobal
