
Microsoft Visual Studio Solution File, Format Version 12.00
# Visual Studio Version 16
VisualStudioVersion = 16.0.30907.101
MinimumVisualStudioVersion = 10.0.40219.1
Project("{FAE04EC0-301F-11D3-BF4B-00C04F79EFBC}") = "HomeworkOneStudentGrade", "HomeworkOneStudentGrade\HomeworkOneStudentGrade.csproj", "{D18E93A6-B64D-4237-B8C1-C07760502D51}"
EndProject
Global
	GlobalSection(SolutionConfigurationPlatforms) = preSolution
		Debug|Any CPU = Debug|Any CPU
		Release|Any CPU = Release|Any CPU
	EndGlobalSection
	GlobalSection(ProjectConfigurationPlatforms) = postSolution
		{D18E93A6-B64D-4237-B8C1-C07760502D51}.Debug|Any CPU.ActiveCfg = Debug|Any CPU
		{D18E93A6-B64D-4237-B8C1-C07760502D51}.Debug|Any CPU.Build.0 = Debug|Any CPU
		{D18E93A6-B64D-4237-B8C1-C07760502D51}.Release|Any CPU.ActiveCfg = Release|Any CPU
		{D18E93A6-B64D-4237-B8C1-C07760502D51}.Release|Any CPU.Build.0 = Release|Any CPU
	EndGlobalSection
	GlobalSection(SolutionProperties) = preSolution
		HideSolutionNode = FALSE
	EndGlobalSection
	GlobalSection(ExtensibilityGlobals) = postSolution
		SolutionGuid = {DCAD142F-35BA-4606-BF8F-3556247C2DF0}
	EndGlobalSection
EndGlobal
